
Microsoft Visual Studio Solution File, Format Version 12.00
# Visual Studio 14
VisualStudioVersion = 14.0.24720.0
MinimumVisualStudioVersion = 10.0.40219.1
Project("{FAE04EC0-301F-11D3-BF4B-00C04F79EFBC}") = "BuildNotifications", "BuildNotifications\BuildNotifications.csproj", "{7E4924E1-936D-49DD-9892-589B4ADADFA0}"
EndProject
Project("{FAE04EC0-301F-11D3-BF4B-00C04F79EFBC}") = "BuildNotifications.Test", "BuildNotifications.Test\BuildNotifications.Test.csproj", "{75C7D794-732A-4CC1-90E3-90C25237AAFC}"
EndProject
Project("{FAE04EC0-301F-11D3-BF4B-00C04F79EFBC}") = "NotifyIconWpf", "NotifyIconWpf\NotifyIconWpf.csproj", "{7AC63864-7638-41C4-969C-D3197EF2BED9}"
EndProject
Global
	GlobalSection(SolutionConfigurationPlatforms) = preSolution
		Debug|Any CPU = Debug|Any CPU
		Release|Any CPU = Release|Any CPU
	EndGlobalSection
	GlobalSection(ProjectConfigurationPlatforms) = postSolution
		{7E4924E1-936D-49DD-9892-589B4ADADFA0}.Debug|Any CPU.ActiveCfg = Debug|Any CPU
		{7E4924E1-936D-49DD-9892-589B4ADADFA0}.Debug|Any CPU.Build.0 = Debug|Any CPU
		{7E4924E1-936D-49DD-9892-589B4ADADFA0}.Release|Any CPU.ActiveCfg = Release|Any CPU
		{7E4924E1-936D-49DD-9892-589B4ADADFA0}.Release|Any CPU.Build.0 = Release|Any CPU
		{75C7D794-732A-4CC1-90E3-90C25237AAFC}.Debug|Any CPU.ActiveCfg = Debug|Any CPU
		{75C7D794-732A-4CC1-90E3-90C25237AAFC}.Debug|Any CPU.Build.0 = Debug|Any CPU
		{75C7D794-732A-4CC1-90E3-90C25237AAFC}.Release|Any CPU.ActiveCfg = Release|Any CPU
		{75C7D794-732A-4CC1-90E3-90C25237AAFC}.Release|Any CPU.Build.0 = Release|Any CPU
		{7AC63864-7638-41C4-969C-D3197EF2BED9}.Debug|Any CPU.ActiveCfg = Debug|Any CPU
		{7AC63864-7638-41C4-969C-D3197EF2BED9}.Debug|Any CPU.Build.0 = Debug|Any CPU
		{7AC63864-7638-41C4-969C-D3197EF2BED9}.Release|Any CPU.ActiveCfg = Release|Any CPU
		{7AC63864-7638-41C4-969C-D3197EF2BED9}.Release|Any CPU.Build.0 = Release|Any CPU
	EndGlobalSection
	GlobalSection(SolutionProperties) = preSolution
		HideSolutionNode = FALSE
	EndGlobalSection
EndGlobal
